
Microsoft Visual Studio Solution File, Format Version 12.00
# Visual Studio Version 17
VisualStudioVersion = 17.8.34316.72
MinimumVisualStudioVersion = 10.0.40219.1
Project("{FAE04EC0-301F-11D3-BF4B-00C04F79EFBC}") = "LibraryManagementApis", "LibraryManagementApis\LibraryManagementApis.csproj", "{4F8C8E39-3732-4754-B210-511BD0650D60}"
EndProject
Project("{FAE04EC0-301F-11D3-BF4B-00C04F79EFBC}") = "LibraryMvc", "LibraryMvc\LibraryMvc.csproj", "{F17BDAB5-D0A7-48AB-93AE-B39A70BB7A2B}"
EndProject
Global
	GlobalSection(SolutionConfigurationPlatforms) = preSolution
		Debug|Any CPU = Debug|Any CPU
		Release|Any CPU = Release|Any CPU
	EndGlobalSection
	GlobalSection(ProjectConfigurationPlatforms) = postSolution
		{4F8C8E39-3732-4754-B210-511BD0650D60}.Debug|Any CPU.ActiveCfg = Debug|Any CPU
		{4F8C8E39-3732-4754-B210-511BD0650D60}.Debug|Any CPU.Build.0 = Debug|Any CPU
		{4F8C8E39-3732-4754-B210-511BD0650D60}.Release|Any CPU.ActiveCfg = Release|Any CPU
		{4F8C8E39-3732-4754-B210-511BD0650D60}.Release|Any CPU.Build.0 = Release|Any CPU
		{F17BDAB5-D0A7-48AB-93AE-B39A70BB7A2B}.Debug|Any CPU.ActiveCfg = Debug|Any CPU
		{F17BDAB5-D0A7-48AB-93AE-B39A70BB7A2B}.Debug|Any CPU.Build.0 = Debug|Any CPU
		{F17BDAB5-D0A7-48AB-93AE-B39A70BB7A2B}.Release|Any CPU.ActiveCfg = Release|Any CPU
		{F17BDAB5-D0A7-48AB-93AE-B39A70BB7A2B}.Release|Any CPU.Build.0 = Release|Any CPU
	EndGlobalSection
	GlobalSection(SolutionProperties) = preSolution
		HideSolutionNode = FALSE
	EndGlobalSection
	GlobalSection(ExtensibilityGlobals) = postSolution
		SolutionGuid = {7325A677-C782-4829-9A4F-5557D51043E6}
	EndGlobalSection
EndGlobal
